// !$*UTF8*$!
{
	archiveVersion = 1;
	classes = {
	};
	objectVersion = 46;
	objects = {

/* Begin PBXBuildFile section */
		A7815F551E9E3165001358D2 /* AppDelegate.swift in Sources */ = {isa = PBXBuildFile; fileRef = A7815F541E9E3165001358D2 /* AppDelegate.swift */; };
		A7815F571E9E3165001358D2 /* ViewController.swift in Sources */ = {isa = PBXBuildFile; fileRef = A7815F561E9E3165001358D2 /* ViewController.swift */; };
		A7815F5A1E9E3165001358D2 /* Main.storyboard in Resources */ = {isa = PBXBuildFile; fileRef = A7815F581E9E3165001358D2 /* Main.storyboard */; };
		A7815F5C1E9E3165001358D2 /* Assets.xcassets in Resources */ = {isa = PBXBuildFile; fileRef = A7815F5B1E9E3165001358D2 /* Assets.xcassets */; };
		A7815F5F1E9E3165001358D2 /* LaunchScreen.storyboard in Resources */ = {isa = PBXBuildFile; fileRef = A7815F5D1E9E3165001358D2 /* LaunchScreen.storyboard */; };
		A7815F6A1E9E3165001358D2 /* DemoTests.swift in Sources */ = {isa = PBXBuildFile; fileRef = A7815F691E9E3165001358D2 /* DemoTests.swift */; };
/* End PBXBuildFile section */

/* Begin PBXContainerItemProxy section */
		A7815F661E9E3165001358D2 /* PBXContainerItemProxy */ = {
			isa = PBXContainerItemProxy;
			containerPortal = A7815F491E9E3165001358D2 /* Project object */;
			proxyType = 1;
			remoteGlobalIDString = A7815F501E9E3165001358D2;
			remoteInfo = Demo;
		};
/* End PBXContainerItemProxy section */

/* Begin PBXFileReference section */
		A7815F511E9E3165001358D2 /* Demo.app */ = {isa = PBXFileReference; explicitFileType = wrapper.application; includeInIndex = 0; path = Demo.app; sourceTree = BUILT_PRODUCTS_DIR; };
		A7815F541E9E3165001358D2 /* AppDelegate.swift */ = {isa = PBXFileReference; lastKnownFileType = sourcecode.swift; path = AppDelegate.swift; sourceTree = "<group>"; };
		A7815F561E9E3165001358D2 /* ViewController.swift */ = {isa = PBXFileReference; lastKnownFileType = sourcecode.swift; path = ViewController.swift; sourceTree = "<group>"; };
		A7815F591E9E3165001358D2 /* Base */ = {isa = PBXFileReference; lastKnownFileType = file.storyboard; name = Base; path = Base.lproj/Main.storyboard; sourceTree = "<group>"; };
		A7815F5B1E9E3165001358D2 /* Assets.xcassets */ = {isa = PBXFileReference; lastKnownFileType = folder.assetcatalog; path = Assets.xcassets; sourceTree = "<group>"; };
		A7815F5E1E9E3165001358D2 /* Base */ = {isa = PBXFileReference; lastKnownFileType = file.storyboard; name = Base; path = Base.lproj/LaunchScreen.storyboard; sourceTree = "<group>"; };
		A7815F601E9E3165001358D2 /* Info.plist */ = {isa = PBXFileReference; lastKnownFileType = text.plist.xml; path = Info.plist; sourceTree = "<group>"; };
		A7815F651E9E3165001358D2 /* DemoTests.xctest */ = {isa = PBXFileReference; explicitFileType = wrapper.cfbundle; includeInIndex = 0; path = DemoTests.xctest; sourceTree = BUILT_PRODUCTS_DIR; };
		A7815F691E9E3165001358D2 /* DemoTests.swift */ = {isa = PBXFileReference; lastKnownFileType = sourcecode.swift; path = DemoTests.swift; sourceTree = "<group>"; };
		A7815F6B1E9E3165001358D2 /* Info.plist */ = {isa = PBXFileReference; lastKnownFileType = text.plist.xml; path = Info.plist; sourceTree = "<group>"; };
/* End PBXFileReference section */

/* Begin PBXFrameworksBuildPhase section */
		A7815F4E1E9E3165001358D2 /* Frameworks */ = {
			isa = PBXFrameworksBuildPhase;
			buildActionMask = 2147483647;
			files = (
			);
			runOnlyForDeploymentPostprocessing = 0;
		};
		A7815F621E9E3165001358D2 /* Frameworks */ = {
			isa = PBXFrameworksBuildPhase;
			buildActionMask = 2147483647;
			files = (
			);
			runOnlyForDeploymentPostprocessing = 0;
		};
/* End PBXFrameworksBuildPhase section */

/* Begin PBXGroup section */
		A7815F481E9E3165001358D2 = {
			isa = PBXGroup;
			children = (
				A7815F531E9E3165001358D2 /* Demo */,
				A7815F681E9E3165001358D2 /* DemoTests */,
				A7815F521E9E3165001358D2 /* Products */,
			);
			sourceTree = "<group>";
		};
		A7815F521E9E3165001358D2 /* Products */ = {
			isa = PBXGroup;
			children = (
				A7815F511E9E3165001358D2 /* Demo.app */,
				A7815F651E9E3165001358D2 /* DemoTests.xctest */,
			);
			name = Products;
			sourceTree = "<group>";
		};
		A7815F531E9E3165001358D2 /* Demo */ = {
			isa = PBXGroup;
			children = (
				A7815F541E9E3165001358D2 /* AppDelegate.swift */,
				A7815F561E9E3165001358D2 /* ViewController.swift */,
				A7815F581E9E3165001358D2 /* Main.storyboard */,
				A7815F5B1E9E3165001358D2 /* Assets.xcassets */,
				A7815F5D1E9E3165001358D2 /* LaunchScreen.storyboard */,
				A7815F601E9E3165001358D2 /* Info.plist */,
			);
			path = Demo;
			sourceTree = "<group>";
		};
		A7815F681E9E3165001358D2 /* DemoTests */ = {
			isa = PBXGroup;
			children = (
				A7815F691E9E3165001358D2 /* DemoTests.swift */,
				A7815F6B1E9E3165001358D2 /* Info.plist */,
			);
			path = DemoTests;
			sourceTree = "<group>";
		};
/* End PBXGroup section */

/* Begin PBXNativeTarget section */
		A7815F501E9E3165001358D2 /* Demo */ = {
			isa = PBXNativeTarget;
			buildConfigurationList = A7815F6E1E9E3165001358D2 /* Build configuration list for PBXNativeTarget "Demo" */;
			buildPhases = (
				A7815F4D1E9E3165001358D2 /* Sources */,
				A7815F4E1E9E3165001358D2 /* Frameworks */,
				A7815F4F1E9E3165001358D2 /* Resources */,
			);
			buildRules = (
			);
			dependencies = (
			);
			name = Demo;
			productName = Demo;
			productReference = A7815F511E9E3165001358D2 /* Demo.app */;
			productType = "com.apple.product-type.application";
		};
		A7815F641E9E3165001358D2 /* DemoTests */ = {
			isa = PBXNativeTarget;
			buildConfigurationList = A7815F711E9E3165001358D2 /* Build configuration list for PBXNativeTarget "DemoTests" */;
			buildPhases = (
				A7815F611E9E3165001358D2 /* Sources */,
				A7815F621E9E3165001358D2 /* Frameworks */,
				A7815F631E9E3165001358D2 /* Resources */,
			);
			buildRules = (
			);
			dependencies = (
				A7815F671E9E3165001358D2 /* PBXTargetDependency */,
			);
			name = DemoTests;
			productName = DemoTests;
			productReference = A7815F651E9E3165001358D2 /* DemoTests.xctest */;
			productType = "com.apple.product-type.bundle.unit-test";
		};
/* End PBXNativeTarget section */

/* Begin PBXProject section */
		A7815F491E9E3165001358D2 /* Project object */ = {
			isa = PBXProject;
			attributes = {
				LastSwiftUpdateCheck = 0820;
				LastUpgradeCheck = 0820;
				ORGANIZATIONNAME = h.yamaguchi;
				TargetAttributes = {
					A7815F501E9E3165001358D2 = {
						CreatedOnToolsVersion = 8.2;
						ProvisioningStyle = Automatic;
					};
					A7815F641E9E3165001358D2 = {
						CreatedOnToolsVersion = 8.2;
						ProvisioningStyle = Automatic;
						TestTargetID = A7815F501E9E3165001358D2;
					};
				};
			};
			buildConfigurationList = A7815F4C1E9E3165001358D2 /* Build configuration list for PBXProject "Demo" */;
			compatibilityVersion = "Xcode 3.2";
			developmentRegion = English;
			hasScannedForEncodings = 0;
			knownRegions = (
				en,
				Base,
			);
			mainGroup = A7815F481E9E3165001358D2;
			productRefGroup = A7815F521E9E3165001358D2 /* Products */;
			projectDirPath = "";
			projectRoot = "";
			targets = (
				A7815F501E9E3165001358D2 /* Demo */,
				A7815F641E9E3165001358D2 /* DemoTests */,
			);
		};
/* End PBXProject section */

/* Begin PBXResourcesBuildPhase section */
		A7815F4F1E9E3165001358D2 /* Resources */ = {
			isa = PBXResourcesBuildPhase;
			buildActionMask = 2147483647;
			files = (
				A7815F5F1E9E3165001358D2 /* LaunchScreen.storyboard in Resources */,
				A7815F5C1E9E3165001358D2 /* Assets.xcassets in Resources */,
				A7815F5A1E9E3165001358D2 /* Main.storyboard in Resources */,
			);
			runOnlyForDeploymentPostprocessing = 0;
		};
		A7815F631E9E3165001358D2 /* Resources */ = {
			isa = PBXResourcesBuildPhase;
			buildActionMask = 2147483647;
			files = (
			);
			runOnlyForDeploymentPostprocessing = 0;
		};
/* End PBXResourcesBuildPhase section */

/* Begin PBXSourcesBuildPhase section */
		A7815F4D1E9E3165001358D2 /* Sources */ = {
			isa = PBXSourcesBuildPhase;
			buildActionMask = 2147483647;
			files = (
				A7815F571E9E3165001358D2 /* ViewController.swift in Sources */,
				A7815F551E9E3165001358D2 /* AppDelegate.swift in Sources */,
			);
			runOnlyForDeploymentPostprocessing = 0;
		};
		A7815F611E9E3165001358D2 /* Sources */ = {
			isa = PBXSourcesBuildPhase;
			buildActionMask = 2147483647;
			files = (
				A7815F6A1E9E3165001358D2 /* DemoTests.swift in Sources */,
			);
			runOnlyForDeploymentPostprocessing = 0;
		};
/* End PBXSourcesBuildPhase section */

/* Begin PBXTargetDependency section */
		A7815F671E9E3165001358D2 /* PBXTargetDependency */ = {
			isa = PBXTargetDependency;
			target = A7815F501E9E3165001358D2 /* Demo */;
			targetProxy = A7815F661E9E3165001358D2 /* PBXContainerItemProxy */;
		};
/* End PBXTargetDependency section */

/* Begin PBXVariantGroup section */
		A7815F581E9E3165001358D2 /* Main.storyboard */ = {
			isa = PBXVariantGroup;
			children = (
				A7815F591E9E3165001358D2 /* Base */,
			);
			name = Main.storyboard;
			sourceTree = "<group>";
		};
		A7815F5D1E9E3165001358D2 /* LaunchScreen.storyboard */ = {
			isa = PBXVariantGroup;
			children = (
				A7815F5E1E9E3165001358D2 /* Base */,
			);
			name = LaunchScreen.storyboard;
			sourceTree = "<group>";
		};
/* End PBXVariantGroup section */

/* Begin XCBuildConfiguration section */
		A7815F6C1E9E3165001358D2 /* Debug */ = {
			isa = XCBuildConfiguration;
			buildSettings = {
				ALWAYS_SEARCH_USER_PATHS = NO;
				CLANG_ANALYZER_NONNULL = YES;
				CLANG_CXX_LANGUAGE_STANDARD = "gnu++0x";
				CLANG_CXX_LIBRARY = "libc++";
				CLANG_ENABLE_MODULES = YES;
				CLANG_ENABLE_OBJC_ARC = YES;
				CLANG_WARN_BOOL_CONVERSION = YES;
				CLANG_WARN_CONSTANT_CONVERSION = YES;
				CLANG_WARN_DIRECT_OBJC_ISA_USAGE = YES_ERROR;
				CLANG_WARN_DOCUMENTATION_COMMENTS = YES;
				CLANG_WARN_EMPTY_BODY = YES;
				CLANG_WARN_ENUM_CONVERSION = YES;
				CLANG_WARN_INFINITE_RECURSION = YES;
				CLANG_WARN_INT_CONVERSION = YES;
				CLANG_WARN_OBJC_ROOT_CLASS = YES_ERROR;
				CLANG_WARN_SUSPICIOUS_MOVE = YES;
				CLANG_WARN_UNREACHABLE_CODE = YES;
				CLANG_WARN__DUPLICATE_METHOD_MATCH = YES;
				"CODE_SIGN_IDENTITY[sdk=iphoneos*]" = "iPhone Developer";
				COPY_PHASE_STRIP = NO;
				DEBUG_INFORMATION_FORMAT = dwarf;
				ENABLE_STRICT_OBJC_MSGSEND = YES;
				ENABLE_TESTABILITY = YES;
				GCC_C_LANGUAGE_STANDARD = gnu99;
				GCC_DYNAMIC_NO_PIC = NO;
				GCC_NO_COMMON_BLOCKS = YES;
				GCC_OPTIMIZATION_LEVEL = 0;
				GCC_PREPROCESSOR_DEFINITIONS = (
					"DEBUG=1",
					"$(inherited)",
				);
				GCC_WARN_64_TO_32_BIT_CONVERSION = YES;
				GCC_WARN_ABOUT_RETURN_TYPE = YES_ERROR;
				GCC_WARN_UNDECLARED_SELECTOR = YES;
				GCC_WARN_UNINITIALIZED_AUTOS = YES_AGGRESSIVE;
				GCC_WARN_UNUSED_FUNCTION = YES;
				GCC_WARN_UNUSED_VARIABLE = YES;
				IPHONEOS_DEPLOYMENT_TARGET = 10.2;
				MTL_ENABLE_DEBUG_INFO = YES;
				ONLY_ACTIVE_ARCH = YES;
				SDKROOT = iphoneos;
				SWIFT_ACTIVE_COMPILATION_CONDITIONS = DEBUG;
				SWIFT_OPTIMIZATION_LEVEL = "-Onone";
			};
			name = Debug;
		};
		A7815F6D1E9E3165001358D2 /* Release */ = {
			isa = XCBuildConfiguration;
			buildSettings = {
				ALWAYS_SEARCH_USER_PATHS = NO;
				CLANG_ANALYZER_NONNULL = YES;
				CLANG_CXX_LANGUAGE_STANDARD = "gnu++0x";
				CLANG_CXX_LIBRARY = "libc++";
				CLANG_ENABLE_MODULES = YES;
				CLANG_ENABLE_OBJC_ARC = YES;
				CLANG_WARN_BOOL_CONVERSION = YES;
				CLANG_WARN_CONSTANT_CONVERSION = YES;
				CLANG_WARN_DIRECT_OBJC_ISA_USAGE = YES_ERROR;
				CLANG_WARN_DOCUMENTATION_COMMENTS = YES;
				CLANG_WARN_EMPTY_BODY = YES;
				CLANG_WARN_ENUM_CONVERSION = YES;
				CLANG_WARN_INFINITE_RECURSION = YES;
				CLANG_WARN_INT_CONVERSION = YES;
				CLANG_WARN_OBJC_ROOT_CLASS = YES_ERROR;
				CLANG_WARN_SUSPICIOUS_MOVE = YES;
				CLANG_WARN_UNREACHABLE_CODE = YES;
				CLANG_WARN__DUPLICATE_METHOD_MATCH = YES;
				"CODE_SIGN_IDENTITY[sdk=iphoneos*]" = "iPhone Developer";
				COPY_PHASE_STRIP = NO;
				DEBUG_INFORMATION_FORMAT = "dwarf-with-dsym";
				ENABLE_NS_ASSERTIONS = NO;
				ENABLE_STRICT_OBJC_MSGSEND = YES;
				GCC_C_LANGUAGE_STANDARD = gnu99;
				GCC_NO_COMMON_BLOCKS = YES;
				GCC_WARN_64_TO_32_BIT_CONVERSION = YES;
				GCC_WARN_ABOUT_RETURN_TYPE = YES_ERROR;
				GCC_WARN_UNDECLARED_SELECTOR = YES;
				GCC_WARN_UNINITIALIZED_AUTOS = YES_AGGRESSIVE;
				GCC_WARN_UNUSED_FUNCTION = YES;
				GCC_WARN_UNUSED_VARIABLE = YES;
				IPHONEOS_DEPLOYMENT_TARGET = 10.2;
				MTL_ENABLE_DEBUG_INFO = NO;
				SDKROOT = iphoneos;
				SWIFT_OPTIMIZATION_LEVEL = "-Owholemodule";
				VALIDATE_PRODUCT = YES;
			};
			name = Release;
		};
		A7815F6F1E9E3165001358D2 /* Debug */ = {
			isa = XCBuildConfiguration;
			buildSettings = {
				ASSETCATALOG_COMPILER_APPICON_NAME = AppIcon;
				INFOPLIST_FILE = Demo/Info.plist;
				LD_RUNPATH_SEARCH_PATHS = "$(inherited) @executable_path/Frameworks";
				PRODUCT_BUNDLE_IDENTIFIER = jp.yhryk.Demo;
				PRODUCT_NAME = "$(TARGET_NAME)";
				SWIFT_VERSION = 3.0;
			};
			name = Debug;
		};
		A7815F701E9E3165001358D2 /* Release */ = {
			isa = XCBuildConfiguration;
			buildSettings = {
				ASSETCATALOG_COMPILER_APPICON_NAME = AppIcon;
				INFOPLIST_FILE = Demo/Info.plist;
				LD_RUNPATH_SEARCH_PATHS = "$(inherited) @executable_path/Frameworks";
				PRODUCT_BUNDLE_IDENTIFIER = jp.yhryk.Demo;
				PRODUCT_NAME = "$(TARGET_NAME)";
				SWIFT_VERSION = 3.0;
			};
			name = Release;
		};
		A7815F721E9E3165001358D2 /* Debug */ = {
			isa = XCBuildConfiguration;
			buildSettings = {
				ALWAYS_EMBED_SWIFT_STANDARD_LIBRARIES = YES;
				BUNDLE_LOADER = "$(TEST_HOST)";
				INFOPLIST_FILE = DemoTests/Info.plist;
				LD_RUNPATH_SEARCH_PATHS = "$(inherited) @executable_path/Frameworks @loader_path/Frameworks";
				PRODUCT_BUNDLE_IDENTIFIER = jp.yhryk.DemoTests;
				PRODUCT_NAME = "$(TARGET_NAME)";
				SWIFT_VERSION = 3.0;
				TEST_HOST = "$(BUILT_PRODUCTS_DIR)/Demo.app/Demo";
			};
			name = Debug;
		};
		A7815F731E9E3165001358D2 /* Release */ = {
			isa = XCBuildConfiguration;
			buildSettings = {
				ALWAYS_EMBED_SWIFT_STANDARD_LIBRARIES = YES;
				BUNDLE_LOADER = "$(TEST_HOST)";
				INFOPLIST_FILE = DemoTests/Info.plist;
				LD_RUNPATH_SEARCH_PATHS = "$(inherited) @executable_path/Frameworks @loader_path/Frameworks";
				PRODUCT_BUNDLE_IDENTIFIER = jp.yhryk.DemoTests;
				PRODUCT_NAME = "$(TARGET_NAME)";
				SWIFT_VERSION = 3.0;
				TEST_HOST = "$(BUILT_PRODUCTS_DIR)/Demo.app/Demo";
			};
			name = Release;
		};
/* End XCBuildConfiguration section */

/* Begin XCConfigurationList section */
		A7815F4C1E9E3165001358D2 /* Build configuration list for PBXProject "Demo" */ = {
			isa = XCConfigurationList;
			buildConfigurations = (
				A7815F6C1E9E3165001358D2 /* Debug */,
				A7815F6D1E9E3165001358D2 /* Release */,
			);
			defaultConfigurationIsVisible = 0;
			defaultConfigurationName = Release;
		};
		A7815F6E1E9E3165001358D2 /* Build configuration list for PBXNativeTarget "Demo" */ = {
			isa = XCConfigurationList;
			buildConfigurations = (
				A7815F6F1E9E3165001358D2 /* Debug */,
				A7815F701E9E3165001358D2 /* Release */,
			);
			defaultConfigurationIsVisible = 0;
		};
		A7815F711E9E3165001358D2 /* Build configuration list for PBXNativeTarget "DemoTests" */ = {
			isa = XCConfigurationList;
			buildConfigurations = (
				A7815F721E9E3165001358D2 /* Debug */,
				A7815F731E9E3165001358D2 /* Release */,
			);
			defaultConfigurationIsVisible = 0;
		};
/* End XCConfigurationList section */
	};
	rootObject = A7815F491E9E3165001358D2 /* Project object */;
}
